
Microsoft Visual Studio Solution File, Format Version 12.00
# Visual Studio 15
VisualStudioVersion = 15.0.28307.421
MinimumVisualStudioVersion = 10.0.40219.1
Project("{888888A0-9F3D-457C-B088-3A5042F75D52}") = "py_factorio_planner", "py_factorio_planner\py_factorio_planner.pyproj", "{11F7B2C9-BBF7-42CF-A9B6-0AF4D407DA86}"
EndProject
Global
	GlobalSection(SolutionConfigurationPlatforms) = preSolution
		Debug|Any CPU = Debug|Any CPU
		Release|Any CPU = Release|Any CPU
	EndGlobalSection
	GlobalSection(ProjectConfigurationPlatforms) = postSolution
		{11F7B2C9-BBF7-42CF-A9B6-0AF4D407DA86}.Debug|Any CPU.ActiveCfg = Debug|Any CPU
		{11F7B2C9-BBF7-42CF-A9B6-0AF4D407DA86}.Release|Any CPU.ActiveCfg = Release|Any CPU
	EndGlobalSection
	GlobalSection(SolutionProperties) = preSolution
		HideSolutionNode = FALSE
	EndGlobalSection
	GlobalSection(ExtensibilityGlobals) = postSolution
		SolutionGuid = {F5E8AAEA-0C73-4692-83A6-DC81C33AE2BF}
	EndGlobalSection
EndGlobal
